
Microsoft Visual Studio Solution File, Format Version 11.00
# Visual Studio 2010
Project("{FAE04EC0-301F-11D3-BF4B-00C04F79EFBC}") = "Assembly-CSharp", "Assembly-CSharp.csproj", "{0C6F6236-72E0-DD8A-BAF9-4F30E4BBEF78}"
EndProject
Global
	GlobalSection(SolutionConfigurationPlatforms) = preSolution
		Debug|Any CPU = Debug|Any CPU
		Release|Any CPU = Release|Any CPU
	EndGlobalSection
	GlobalSection(ProjectConfigurationPlatforms) = postSolution
		{0C6F6236-72E0-DD8A-BAF9-4F30E4BBEF78}.Debug|Any CPU.ActiveCfg = Debug|Any CPU
		{0C6F6236-72E0-DD8A-BAF9-4F30E4BBEF78}.Debug|Any CPU.Build.0 = Debug|Any CPU
		{0C6F6236-72E0-DD8A-BAF9-4F30E4BBEF78}.Release|Any CPU.ActiveCfg = Release|Any CPU
		{0C6F6236-72E0-DD8A-BAF9-4F30E4BBEF78}.Release|Any CPU.Build.0 = Release|Any CPU
	EndGlobalSection
	GlobalSection(SolutionProperties) = preSolution
		HideSolutionNode = FALSE
	EndGlobalSection
	GlobalSection(MonoDevelopProperties) = preSolution
		StartupItem = Assembly-CSharp.csproj
	EndGlobalSection
EndGlobal
